
Microsoft Visual Studio Solution File, Format Version 12.00
# Visual Studio Version 17
VisualStudioVersion = 17.12.35514.174 d17.12
MinimumVisualStudioVersion = 10.0.40219.1
Project("{FAE04EC0-301F-11D3-BF4B-00C04F79EFBC}") = "AuthenticationTokeBases", "AuthenticationTokeBases\AuthenticationTokeBases.csproj", "{8584F645-D18A-4DC1-AC94-23783B147422}"
EndProject
Global
	GlobalSection(SolutionConfigurationPlatforms) = preSolution
		Debug|Any CPU = Debug|Any CPU
		Release|Any CPU = Release|Any CPU
	EndGlobalSection
	GlobalSection(ProjectConfigurationPlatforms) = postSolution
		{8584F645-D18A-4DC1-AC94-23783B147422}.Debug|Any CPU.ActiveCfg = Debug|Any CPU
		{8584F645-D18A-4DC1-AC94-23783B147422}.Debug|Any CPU.Build.0 = Debug|Any CPU
		{8584F645-D18A-4DC1-AC94-23783B147422}.Release|Any CPU.ActiveCfg = Release|Any CPU
		{8584F645-D18A-4DC1-AC94-23783B147422}.Release|Any CPU.Build.0 = Release|Any CPU
	EndGlobalSection
	GlobalSection(SolutionProperties) = preSolution
		HideSolutionNode = FALSE
	EndGlobalSection
EndGlobal
